
Microsoft Visual Studio Solution File, Format Version 12.00
# Visual Studio Version 16
VisualStudioVersion = 16.0.29418.71
MinimumVisualStudioVersion = 10.0.40219.1
Project("{FAE04EC0-301F-11D3-BF4B-00C04F79EFBC}") = "Xamarin.Forms.Sample.Android", "samples\Xamarin.Forms.Sample\Xamarin.Forms.Sample.Android\Xamarin.Forms.Sample.Android.csproj", "{B2B05070-EC14-4828-924F-0357CFB2135A}"
EndProject
Project("{FAE04EC0-301F-11D3-BF4B-00C04F79EFBC}") = "Xamarin.Forms.Sample.iOS", "samples\Xamarin.Forms.Sample\Xamarin.Forms.Sample.iOS\Xamarin.Forms.Sample.iOS.csproj", "{4650075B-090C-46B5-97E7-84334E037892}"
EndProject
Project("{FAE04EC0-301F-11D3-BF4B-00C04F79EFBC}") = "Xamarin.Forms.Sample", "samples\Xamarin.Forms.Sample\Xamarin.Forms.Sample\Xamarin.Forms.Sample.csproj", "{ED0C0C44-A608-4564-B726-CA4B94CC74D9}"
EndProject
Project("{FAE04EC0-301F-11D3-BF4B-00C04F79EFBC}") = "Weavy.WebView.Plugin.Forms", "src\Weavy.WebView.Plugin.Forms\Weavy.WebView.Plugin.Forms.csproj", "{1BB9955E-C372-4466-8077-B05D29EDAA63}"
EndProject
Global
	GlobalSection(SolutionConfigurationPlatforms) = preSolution
		Debug|Any CPU = Debug|Any CPU
		Debug|iPhone = Debug|iPhone
		Debug|iPhoneSimulator = Debug|iPhoneSimulator
		Release|Any CPU = Release|Any CPU
		Release|iPhone = Release|iPhone
		Release|iPhoneSimulator = Release|iPhoneSimulator
	EndGlobalSection
	GlobalSection(ProjectConfigurationPlatforms) = postSolution
		{B2B05070-EC14-4828-924F-0357CFB2135A}.Debug|Any CPU.ActiveCfg = Debug|Any CPU
		{B2B05070-EC14-4828-924F-0357CFB2135A}.Debug|Any CPU.Build.0 = Debug|Any CPU
		{B2B05070-EC14-4828-924F-0357CFB2135A}.Debug|Any CPU.Deploy.0 = Debug|Any CPU
		{B2B05070-EC14-4828-924F-0357CFB2135A}.Debug|iPhone.ActiveCfg = Debug|Any CPU
		{B2B05070-EC14-4828-924F-0357CFB2135A}.Debug|iPhone.Build.0 = Debug|Any CPU
		{B2B05070-EC14-4828-924F-0357CFB2135A}.Debug|iPhone.Deploy.0 = Debug|Any CPU
		{B2B05070-EC14-4828-924F-0357CFB2135A}.Debug|iPhoneSimulator.ActiveCfg = Debug|Any CPU
		{B2B05070-EC14-4828-924F-0357CFB2135A}.Debug|iPhoneSimulator.Build.0 = Debug|Any CPU
		{B2B05070-EC14-4828-924F-0357CFB2135A}.Debug|iPhoneSimulator.Deploy.0 = Debug|Any CPU
		{B2B05070-EC14-4828-924F-0357CFB2135A}.Release|Any CPU.ActiveCfg = Release|Any CPU
		{B2B05070-EC14-4828-924F-0357CFB2135A}.Release|Any CPU.Build.0 = Release|Any CPU
		{B2B05070-EC14-4828-924F-0357CFB2135A}.Release|Any CPU.Deploy.0 = Release|Any CPU
		{B2B05070-EC14-4828-924F-0357CFB2135A}.Release|iPhone.ActiveCfg = Release|Any CPU
		{B2B05070-EC14-4828-924F-0357CFB2135A}.Release|iPhone.Build.0 = Release|Any CPU
		{B2B05070-EC14-4828-924F-0357CFB2135A}.Release|iPhone.Deploy.0 = Release|Any CPU
		{B2B05070-EC14-4828-924F-0357CFB2135A}.Release|iPhoneSimulator.ActiveCfg = Release|Any CPU
		{B2B05070-EC14-4828-924F-0357CFB2135A}.Release|iPhoneSimulator.Build.0 = Release|Any CPU
		{B2B05070-EC14-4828-924F-0357CFB2135A}.Release|iPhoneSimulator.Deploy.0 = Release|Any CPU
		{4650075B-090C-46B5-97E7-84334E037892}.Debug|Any CPU.ActiveCfg = Debug|iPhone
		{4650075B-090C-46B5-97E7-84334E037892}.Debug|iPhone.ActiveCfg = Debug|iPhone
		{4650075B-090C-46B5-97E7-84334E037892}.Debug|iPhone.Build.0 = Debug|iPhone
		{4650075B-090C-46B5-97E7-84334E037892}.Debug|iPhoneSimulator.ActiveCfg = Debug|iPhoneSimulator
		{4650075B-090C-46B5-97E7-84334E037892}.Debug|iPhoneSimulator.Build.0 = Debug|iPhoneSimulator
		{4650075B-090C-46B5-97E7-84334E037892}.Release|Any CPU.ActiveCfg = Release|iPhone
		{4650075B-090C-46B5-97E7-84334E037892}.Release|iPhone.ActiveCfg = Release|iPhone
		{4650075B-090C-46B5-97E7-84334E037892}.Release|iPhone.Build.0 = Release|iPhone
		{4650075B-090C-46B5-97E7-84334E037892}.Release|iPhoneSimulator.ActiveCfg = Release|iPhoneSimulator
		{4650075B-090C-46B5-97E7-84334E037892}.Release|iPhoneSimulator.Build.0 = Release|iPhoneSimulator
		{ED0C0C44-A608-4564-B726-CA4B94CC74D9}.Debug|Any CPU.ActiveCfg = Debug|Any CPU
		{ED0C0C44-A608-4564-B726-CA4B94CC74D9}.Debug|Any CPU.Build.0 = Debug|Any CPU
		{ED0C0C44-A608-4564-B726-CA4B94CC74D9}.Debug|iPhone.ActiveCfg = Debug|Any CPU
		{ED0C0C44-A608-4564-B726-CA4B94CC74D9}.Debug|iPhone.Build.0 = Debug|Any CPU
		{ED0C0C44-A608-4564-B726-CA4B94CC74D9}.Debug|iPhoneSimulator.ActiveCfg = Debug|Any CPU
		{ED0C0C44-A608-4564-B726-CA4B94CC74D9}.Debug|iPhoneSimulator.Build.0 = Debug|Any CPU
		{ED0C0C44-A608-4564-B726-CA4B94CC74D9}.Release|Any CPU.ActiveCfg = Release|Any CPU
		{ED0C0C44-A608-4564-B726-CA4B94CC74D9}.Release|Any CPU.Build.0 = Release|Any CPU
		{ED0C0C44-A608-4564-B726-CA4B94CC74D9}.Release|iPhone.ActiveCfg = Release|Any CPU
		{ED0C0C44-A608-4564-B726-CA4B94CC74D9}.Release|iPhone.Build.0 = Release|Any CPU
		{ED0C0C44-A608-4564-B726-CA4B94CC74D9}.Release|iPhoneSimulator.ActiveCfg = Release|Any CPU
		{ED0C0C44-A608-4564-B726-CA4B94CC74D9}.Release|iPhoneSimulator.Build.0 = Release|Any CPU
		{1BB9955E-C372-4466-8077-B05D29EDAA63}.Debug|Any CPU.ActiveCfg = Debug|Any CPU
		{1BB9955E-C372-4466-8077-B05D29EDAA63}.Debug|Any CPU.Build.0 = Debug|Any CPU
		{1BB9955E-C372-4466-8077-B05D29EDAA63}.Debug|iPhone.ActiveCfg = Debug|Any CPU
		{1BB9955E-C372-4466-8077-B05D29EDAA63}.Debug|iPhone.Build.0 = Debug|Any CPU
		{1BB9955E-C372-4466-8077-B05D29EDAA63}.Debug|iPhoneSimulator.ActiveCfg = Debug|Any CPU
		{1BB9955E-C372-4466-8077-B05D29EDAA63}.Debug|iPhoneSimulator.Build.0 = Debug|Any CPU
		{1BB9955E-C372-4466-8077-B05D29EDAA63}.Release|Any CPU.ActiveCfg = Release|Any CPU
		{1BB9955E-C372-4466-8077-B05D29EDAA63}.Release|Any CPU.Build.0 = Release|Any CPU
		{1BB9955E-C372-4466-8077-B05D29EDAA63}.Release|iPhone.ActiveCfg = Release|Any CPU
		{1BB9955E-C372-4466-8077-B05D29EDAA63}.Release|iPhone.Build.0 = Release|Any CPU
		{1BB9955E-C372-4466-8077-B05D29EDAA63}.Release|iPhoneSimulator.ActiveCfg = Release|Any CPU
		{1BB9955E-C372-4466-8077-B05D29EDAA63}.Release|iPhoneSimulator.Build.0 = Release|Any CPU
	EndGlobalSection
	GlobalSection(SolutionProperties) = preSolution
		HideSolutionNode = FALSE
	EndGlobalSection
	GlobalSection(ExtensibilityGlobals) = postSolution
		SolutionGuid = {B258BECF-44C5-4A0D-A47D-F761EA0150C0}
	EndGlobalSection
EndGlobal
